
Microsoft Visual Studio Solution File, Format Version 12.00
# Visual Studio Version 17
VisualStudioVersion = 17.13.35818.85
MinimumVisualStudioVersion = 10.0.40219.1
Project("{FAE04EC0-301F-11D3-BF4B-00C04F79EFBC}") = "Aula150", "Aula150\Aula150.csproj", "{8401E4FB-E484-48CE-B7E9-362F46252825}"
EndProject
Project("{FAE04EC0-301F-11D3-BF4B-00C04F79EFBC}") = "Aula156", "Aula156\Aula156.csproj", "{4952A603-DEF3-4984-A306-71BD0C1B0D7C}"
EndProject
Project("{FAE04EC0-301F-11D3-BF4B-00C04F79EFBC}") = "Aula158", "Aula158\Aula158.csproj", "{999C7C80-D6DF-4212-9621-77CDA1B2B3F2}"
EndProject
Project("{FAE04EC0-301F-11D3-BF4B-00C04F79EFBC}") = "Aula172", "Aula172\Aula172.csproj", "{EB476CD4-5BED-4F54-B183-D189CD2A9343}"
EndProject
Project("{FAE04EC0-301F-11D3-BF4B-00C04F79EFBC}") = "Aula176", "Aula176\Aula176.csproj", "{A6BF0AA7-E78A-4885-A5B0-5657292998B9}"
EndProject
Project("{FAE04EC0-301F-11D3-BF4B-00C04F79EFBC}") = "Aula177", "Aula177\Aula177.csproj", "{262F163D-6EF5-4D49-9553-D1CD4520D0F0}"
EndProject
Global
	GlobalSection(SolutionConfigurationPlatforms) = preSolution
		Debug|Any CPU = Debug|Any CPU
		Release|Any CPU = Release|Any CPU
	EndGlobalSection
	GlobalSection(ProjectConfigurationPlatforms) = postSolution
		{8401E4FB-E484-48CE-B7E9-362F46252825}.Debug|Any CPU.ActiveCfg = Debug|Any CPU
		{8401E4FB-E484-48CE-B7E9-362F46252825}.Debug|Any CPU.Build.0 = Debug|Any CPU
		{8401E4FB-E484-48CE-B7E9-362F46252825}.Release|Any CPU.ActiveCfg = Release|Any CPU
		{8401E4FB-E484-48CE-B7E9-362F46252825}.Release|Any CPU.Build.0 = Release|Any CPU
		{4952A603-DEF3-4984-A306-71BD0C1B0D7C}.Debug|Any CPU.ActiveCfg = Debug|Any CPU
		{4952A603-DEF3-4984-A306-71BD0C1B0D7C}.Debug|Any CPU.Build.0 = Debug|Any CPU
		{4952A603-DEF3-4984-A306-71BD0C1B0D7C}.Release|Any CPU.ActiveCfg = Release|Any CPU
		{4952A603-DEF3-4984-A306-71BD0C1B0D7C}.Release|Any CPU.Build.0 = Release|Any CPU
		{999C7C80-D6DF-4212-9621-77CDA1B2B3F2}.Debug|Any CPU.ActiveCfg = Debug|Any CPU
		{999C7C80-D6DF-4212-9621-77CDA1B2B3F2}.Debug|Any CPU.Build.0 = Debug|Any CPU
		{999C7C80-D6DF-4212-9621-77CDA1B2B3F2}.Release|Any CPU.ActiveCfg = Release|Any CPU
		{999C7C80-D6DF-4212-9621-77CDA1B2B3F2}.Release|Any CPU.Build.0 = Release|Any CPU
		{EB476CD4-5BED-4F54-B183-D189CD2A9343}.Debug|Any CPU.ActiveCfg = Debug|Any CPU
		{EB476CD4-5BED-4F54-B183-D189CD2A9343}.Debug|Any CPU.Build.0 = Debug|Any CPU
		{EB476CD4-5BED-4F54-B183-D189CD2A9343}.Release|Any CPU.ActiveCfg = Release|Any CPU
		{EB476CD4-5BED-4F54-B183-D189CD2A9343}.Release|Any CPU.Build.0 = Release|Any CPU
		{A6BF0AA7-E78A-4885-A5B0-5657292998B9}.Debug|Any CPU.ActiveCfg = Debug|Any CPU
		{A6BF0AA7-E78A-4885-A5B0-5657292998B9}.Debug|Any CPU.Build.0 = Debug|Any CPU
		{A6BF0AA7-E78A-4885-A5B0-5657292998B9}.Release|Any CPU.ActiveCfg = Release|Any CPU
		{A6BF0AA7-E78A-4885-A5B0-5657292998B9}.Release|Any CPU.Build.0 = Release|Any CPU
		{262F163D-6EF5-4D49-9553-D1CD4520D0F0}.Debug|Any CPU.ActiveCfg = Debug|Any CPU
		{262F163D-6EF5-4D49-9553-D1CD4520D0F0}.Debug|Any CPU.Build.0 = Debug|Any CPU
		{262F163D-6EF5-4D49-9553-D1CD4520D0F0}.Release|Any CPU.ActiveCfg = Release|Any CPU
		{262F163D-6EF5-4D49-9553-D1CD4520D0F0}.Release|Any CPU.Build.0 = Release|Any CPU
	EndGlobalSection
	GlobalSection(SolutionProperties) = preSolution
		HideSolutionNode = FALSE
	EndGlobalSection
	GlobalSection(ExtensibilityGlobals) = postSolution
		SolutionGuid = {6A270C3D-444F-4400-AB4D-352AAABFB9BB}
	EndGlobalSection
EndGlobal
